// !$*UTF8*$!
{
	archiveVersion = 1;
	classes = {
	};
	objectVersion = 56;
	objects = {

/* Begin PBXBuildFile section */
		5F80D9392B28B3F000206062 /* HVD_Comic_Serif_Pro.otf in Resources */ = {isa = PBXBuildFile; fileRef = 5F80D9382B28B3F000206062 /* HVD_Comic_Serif_Pro.otf */; };
		5F80D93A2B28B3F000206062 /* HVD_Comic_Serif_Pro.otf in Resources */ = {isa = PBXBuildFile; fileRef = 5F80D9382B28B3F000206062 /* HVD_Comic_Serif_Pro.otf */; };
		5F80D93B2B28B3F000206062 /* HVD_Comic_Serif_Pro.otf in Resources */ = {isa = PBXBuildFile; fileRef = 5F80D9382B28B3F000206062 /* HVD_Comic_Serif_Pro.otf */; };
		5F80D93D2B28B60300206062 /* Game.swift in Sources */ = {isa = PBXBuildFile; fileRef = 5F80D93C2B28B60300206062 /* Game.swift */; };
		5F80D93E2B28B60300206062 /* Game.swift in Sources */ = {isa = PBXBuildFile; fileRef = 5F80D93C2B28B60300206062 /* Game.swift */; };
		5F80D93F2B28B60300206062 /* Game.swift in Sources */ = {isa = PBXBuildFile; fileRef = 5F80D93C2B28B60300206062 /* Game.swift */; };
		5FFAF5B12B20D4110016F0DC /* AppDelegate.swift in Sources */ = {isa = PBXBuildFile; fileRef = 5FFAF5B02B20D4110016F0DC /* AppDelegate.swift */; };
		5FFAF5B32B20D4110016F0DC /* SceneDelegate.swift in Sources */ = {isa = PBXBuildFile; fileRef = 5FFAF5B22B20D4110016F0DC /* SceneDelegate.swift */; };
		5FFAF5B52B20D4110016F0DC /* ViewController.swift in Sources */ = {isa = PBXBuildFile; fileRef = 5FFAF5B42B20D4110016F0DC /* ViewController.swift */; };
		5FFAF5B82B20D4110016F0DC /* Main.storyboard in Resources */ = {isa = PBXBuildFile; fileRef = 5FFAF5B62B20D4110016F0DC /* Main.storyboard */; };
		5FFAF5BA2B20D4130016F0DC /* Assets.xcassets in Resources */ = {isa = PBXBuildFile; fileRef = 5FFAF5B92B20D4130016F0DC /* Assets.xcassets */; };
		5FFAF5BD2B20D4130016F0DC /* LaunchScreen.storyboard in Resources */ = {isa = PBXBuildFile; fileRef = 5FFAF5BB2B20D4130016F0DC /* LaunchScreen.storyboard */; };
		5FFAF5C82B20D4130016F0DC /* add_oneTests.swift in Sources */ = {isa = PBXBuildFile; fileRef = 5FFAF5C72B20D4130016F0DC /* add_oneTests.swift */; };
		5FFAF5D22B20D4130016F0DC /* add_oneUITests.swift in Sources */ = {isa = PBXBuildFile; fileRef = 5FFAF5D12B20D4130016F0DC /* add_oneUITests.swift */; };
		5FFAF5D42B20D4130016F0DC /* add_oneUITestsLaunchTests.swift in Sources */ = {isa = PBXBuildFile; fileRef = 5FFAF5D32B20D4130016F0DC /* add_oneUITestsLaunchTests.swift */; };
/* End PBXBuildFile section */

/* Begin PBXContainerItemProxy section */
		5FFAF5C42B20D4130016F0DC /* PBXContainerItemProxy */ = {
			isa = PBXContainerItemProxy;
			containerPortal = 5FFAF5A52B20D4110016F0DC /* Project object */;
			proxyType = 1;
			remoteGlobalIDString = 5FFAF5AC2B20D4110016F0DC;
			remoteInfo = "add-one";
		};
		5FFAF5CE2B20D4130016F0DC /* PBXContainerItemProxy */ = {
			isa = PBXContainerItemProxy;
			containerPortal = 5FFAF5A52B20D4110016F0DC /* Project object */;
			proxyType = 1;
			remoteGlobalIDString = 5FFAF5AC2B20D4110016F0DC;
			remoteInfo = "add-one";
		};
/* End PBXContainerItemProxy section */

/* Begin PBXFileReference section */
		5F80D9382B28B3F000206062 /* HVD_Comic_Serif_Pro.otf */ = {isa = PBXFileReference; lastKnownFileType = file; path = HVD_Comic_Serif_Pro.otf; sourceTree = "<group>"; };
		5F80D93C2B28B60300206062 /* Game.swift */ = {isa = PBXFileReference; lastKnownFileType = sourcecode.swift; path = Game.swift; sourceTree = "<group>"; };
		5FFAF5AD2B20D4110016F0DC /* add-one.app */ = {isa = PBXFileReference; explicitFileType = wrapper.application; includeInIndex = 0; path = "add-one.app"; sourceTree = BUILT_PRODUCTS_DIR; };
		5FFAF5B02B20D4110016F0DC /* AppDelegate.swift */ = {isa = PBXFileReference; lastKnownFileType = sourcecode.swift; path = AppDelegate.swift; sourceTree = "<group>"; };
		5FFAF5B22B20D4110016F0DC /* SceneDelegate.swift */ = {isa = PBXFileReference; lastKnownFileType = sourcecode.swift; path = SceneDelegate.swift; sourceTree = "<group>"; };
		5FFAF5B42B20D4110016F0DC /* ViewController.swift */ = {isa = PBXFileReference; lastKnownFileType = sourcecode.swift; path = ViewController.swift; sourceTree = "<group>"; };
		5FFAF5B72B20D4110016F0DC /* Base */ = {isa = PBXFileReference; lastKnownFileType = file.storyboard; name = Base; path = Base.lproj/Main.storyboard; sourceTree = "<group>"; };
		5FFAF5B92B20D4130016F0DC /* Assets.xcassets */ = {isa = PBXFileReference; lastKnownFileType = folder.assetcatalog; path = Assets.xcassets; sourceTree = "<group>"; };
		5FFAF5BC2B20D4130016F0DC /* Base */ = {isa = PBXFileReference; lastKnownFileType = file.storyboard; name = Base; path = Base.lproj/LaunchScreen.storyboard; sourceTree = "<group>"; };
		5FFAF5BE2B20D4130016F0DC /* Info.plist */ = {isa = PBXFileReference; lastKnownFileType = text.plist.xml; path = Info.plist; sourceTree = "<group>"; };
		5FFAF5C32B20D4130016F0DC /* add-oneTests.xctest */ = {isa = PBXFileReference; explicitFileType = wrapper.cfbundle; includeInIndex = 0; path = "add-oneTests.xctest"; sourceTree = BUILT_PRODUCTS_DIR; };
		5FFAF5C72B20D4130016F0DC /* add_oneTests.swift */ = {isa = PBXFileReference; lastKnownFileType = sourcecode.swift; path = add_oneTests.swift; sourceTree = "<group>"; };
		5FFAF5CD2B20D4130016F0DC /* add-oneUITests.xctest */ = {isa = PBXFileReference; explicitFileType = wrapper.cfbundle; includeInIndex = 0; path = "add-oneUITests.xctest"; sourceTree = BUILT_PRODUCTS_DIR; };
		5FFAF5D12B20D4130016F0DC /* add_oneUITests.swift */ = {isa = PBXFileReference; lastKnownFileType = sourcecode.swift; path = add_oneUITests.swift; sourceTree = "<group>"; };
		5FFAF5D32B20D4130016F0DC /* add_oneUITestsLaunchTests.swift */ = {isa = PBXFileReference; lastKnownFileType = sourcecode.swift; path = add_oneUITestsLaunchTests.swift; sourceTree = "<group>"; };
/* End PBXFileReference section */

/* Begin PBXFrameworksBuildPhase section */
		5FFAF5AA2B20D4110016F0DC /* Frameworks */ = {
			isa = PBXFrameworksBuildPhase;
			buildActionMask = 2147483647;
			files = (
			);
			runOnlyForDeploymentPostprocessing = 0;
		};
		5FFAF5C02B20D4130016F0DC /* Frameworks */ = {
			isa = PBXFrameworksBuildPhase;
			buildActionMask = 2147483647;
			files = (
			);
			runOnlyForDeploymentPostprocessing = 0;
		};
		5FFAF5CA2B20D4130016F0DC /* Frameworks */ = {
			isa = PBXFrameworksBuildPhase;
			buildActionMask = 2147483647;
			files = (
			);
			runOnlyForDeploymentPostprocessing = 0;
		};
/* End PBXFrameworksBuildPhase section */

/* Begin PBXGroup section */
		5FFAF5A42B20D4110016F0DC = {
			isa = PBXGroup;
			children = (
				5FFAF5AF2B20D4110016F0DC /* add-one */,
				5FFAF5C62B20D4130016F0DC /* add-oneTests */,
				5FFAF5D02B20D4130016F0DC /* add-oneUITests */,
				5FFAF5AE2B20D4110016F0DC /* Products */,
			);
			sourceTree = "<group>";
		};
		5FFAF5AE2B20D4110016F0DC /* Products */ = {
			isa = PBXGroup;
			children = (
				5FFAF5AD2B20D4110016F0DC /* add-one.app */,
				5FFAF5C32B20D4130016F0DC /* add-oneTests.xctest */,
				5FFAF5CD2B20D4130016F0DC /* add-oneUITests.xctest */,
			);
			name = Products;
			sourceTree = "<group>";
		};
		5FFAF5AF2B20D4110016F0DC /* add-one */ = {
			isa = PBXGroup;
			children = (
				5FFAF5B02B20D4110016F0DC /* AppDelegate.swift */,
				5FFAF5B22B20D4110016F0DC /* SceneDelegate.swift */,
				5FFAF5B42B20D4110016F0DC /* ViewController.swift */,
				5FFAF5B62B20D4110016F0DC /* Main.storyboard */,
				5FFAF5B92B20D4130016F0DC /* Assets.xcassets */,
				5FFAF5BB2B20D4130016F0DC /* LaunchScreen.storyboard */,
				5FFAF5BE2B20D4130016F0DC /* Info.plist */,
				5F80D9382B28B3F000206062 /* HVD_Comic_Serif_Pro.otf */,
				5F80D93C2B28B60300206062 /* Game.swift */,
			);
			path = "add-one";
			sourceTree = "<group>";
		};
		5FFAF5C62B20D4130016F0DC /* add-oneTests */ = {
			isa = PBXGroup;
			children = (
				5FFAF5C72B20D4130016F0DC /* add_oneTests.swift */,
			);
			path = "add-oneTests";
			sourceTree = "<group>";
		};
		5FFAF5D02B20D4130016F0DC /* add-oneUITests */ = {
			isa = PBXGroup;
			children = (
				5FFAF5D12B20D4130016F0DC /* add_oneUITests.swift */,
				5FFAF5D32B20D4130016F0DC /* add_oneUITestsLaunchTests.swift */,
			);
			path = "add-oneUITests";
			sourceTree = "<group>";
		};
/* End PBXGroup section */

/* Begin PBXNativeTarget section */
		5FFAF5AC2B20D4110016F0DC /* add-one */ = {
			isa = PBXNativeTarget;
			buildConfigurationList = 5FFAF5D72B20D4130016F0DC /* Build configuration list for PBXNativeTarget "add-one" */;
			buildPhases = (
				5FFAF5A92B20D4110016F0DC /* Sources */,
				5FFAF5AA2B20D4110016F0DC /* Frameworks */,
				5FFAF5AB2B20D4110016F0DC /* Resources */,
			);
			buildRules = (
			);
			dependencies = (
			);
			name = "add-one";
			productName = "add-one";
			productReference = 5FFAF5AD2B20D4110016F0DC /* add-one.app */;
			productType = "com.apple.product-type.application";
		};
		5FFAF5C22B20D4130016F0DC /* add-oneTests */ = {
			isa = PBXNativeTarget;
			buildConfigurationList = 5FFAF5DA2B20D4130016F0DC /* Build configuration list for PBXNativeTarget "add-oneTests" */;
			buildPhases = (
				5FFAF5BF2B20D4130016F0DC /* Sources */,
				5FFAF5C02B20D4130016F0DC /* Frameworks */,
				5FFAF5C12B20D4130016F0DC /* Resources */,
			);
			buildRules = (
			);
			dependencies = (
				5FFAF5C52B20D4130016F0DC /* PBXTargetDependency */,
			);
			name = "add-oneTests";
			productName = "add-oneTests";
			productReference = 5FFAF5C32B20D4130016F0DC /* add-oneTests.xctest */;
			productType = "com.apple.product-type.bundle.unit-test";
		};
		5FFAF5CC2B20D4130016F0DC /* add-oneUITests */ = {
			isa = PBXNativeTarget;
			buildConfigurationList = 5FFAF5DD2B20D4130016F0DC /* Build configuration list for PBXNativeTarget "add-oneUITests" */;
			buildPhases = (
				5FFAF5C92B20D4130016F0DC /* Sources */,
				5FFAF5CA2B20D4130016F0DC /* Frameworks */,
				5FFAF5CB2B20D4130016F0DC /* Resources */,
			);
			buildRules = (
			);
			dependencies = (
				5FFAF5CF2B20D4130016F0DC /* PBXTargetDependency */,
			);
			name = "add-oneUITests";
			productName = "add-oneUITests";
			productReference = 5FFAF5CD2B20D4130016F0DC /* add-oneUITests.xctest */;
			productType = "com.apple.product-type.bundle.ui-testing";
		};
/* End PBXNativeTarget section */

/* Begin PBXProject section */
		5FFAF5A52B20D4110016F0DC /* Project object */ = {
			isa = PBXProject;
			attributes = {
				BuildIndependentTargetsInParallel = 1;
				LastSwiftUpdateCheck = 1430;
				LastUpgradeCheck = 1430;
				TargetAttributes = {
					5FFAF5AC2B20D4110016F0DC = {
						CreatedOnToolsVersion = 14.3.1;
					};
					5FFAF5C22B20D4130016F0DC = {
						CreatedOnToolsVersion = 14.3.1;
						TestTargetID = 5FFAF5AC2B20D4110016F0DC;
					};
					5FFAF5CC2B20D4130016F0DC = {
						CreatedOnToolsVersion = 14.3.1;
						TestTargetID = 5FFAF5AC2B20D4110016F0DC;
					};
				};
			};
			buildConfigurationList = 5FFAF5A82B20D4110016F0DC /* Build configuration list for PBXProject "add-one" */;
			compatibilityVersion = "Xcode 14.0";
			developmentRegion = en;
			hasScannedForEncodings = 0;
			knownRegions = (
				en,
				Base,
			);
			mainGroup = 5FFAF5A42B20D4110016F0DC;
			productRefGroup = 5FFAF5AE2B20D4110016F0DC /* Products */;
			projectDirPath = "";
			projectRoot = "";
			targets = (
				5FFAF5AC2B20D4110016F0DC /* add-one */,
				5FFAF5C22B20D4130016F0DC /* add-oneTests */,
				5FFAF5CC2B20D4130016F0DC /* add-oneUITests */,
			);
		};
/* End PBXProject section */

/* Begin PBXResourcesBuildPhase section */
		5FFAF5AB2B20D4110016F0DC /* Resources */ = {
			isa = PBXResourcesBuildPhase;
			buildActionMask = 2147483647;
			files = (
				5FFAF5BD2B20D4130016F0DC /* LaunchScreen.storyboard in Resources */,
				5FFAF5BA2B20D4130016F0DC /* Assets.xcassets in Resources */,
				5F80D9392B28B3F000206062 /* HVD_Comic_Serif_Pro.otf in Resources */,
				5FFAF5B82B20D4110016F0DC /* Main.storyboard in Resources */,
			);
			runOnlyForDeploymentPostprocessing = 0;
		};
		5FFAF5C12B20D4130016F0DC /* Resources */ = {
			isa = PBXResourcesBuildPhase;
			buildActionMask = 2147483647;
			files = (
				5F80D93A2B28B3F000206062 /* HVD_Comic_Serif_Pro.otf in Resources */,
			);
			runOnlyForDeploymentPostprocessing = 0;
		};
		5FFAF5CB2B20D4130016F0DC /* Resources */ = {
			isa = PBXResourcesBuildPhase;
			buildActionMask = 2147483647;
			files = (
				5F80D93B2B28B3F000206062 /* HVD_Comic_Serif_Pro.otf in Resources */,
			);
			runOnlyForDeploymentPostprocessing = 0;
		};
/* End PBXResourcesBuildPhase section */

/* Begin PBXSourcesBuildPhase section */
		5FFAF5A92B20D4110016F0DC /* Sources */ = {
			isa = PBXSourcesBuildPhase;
			buildActionMask = 2147483647;
			files = (
				5FFAF5B52B20D4110016F0DC /* ViewController.swift in Sources */,
				5FFAF5B12B20D4110016F0DC /* AppDelegate.swift in Sources */,
				5FFAF5B32B20D4110016F0DC /* SceneDelegate.swift in Sources */,
				5F80D93D2B28B60300206062 /* Game.swift in Sources */,
			);
			runOnlyForDeploymentPostprocessing = 0;
		};
		5FFAF5BF2B20D4130016F0DC /* Sources */ = {
			isa = PBXSourcesBuildPhase;
			buildActionMask = 2147483647;
			files = (
				5FFAF5C82B20D4130016F0DC /* add_oneTests.swift in Sources */,
				5F80D93E2B28B60300206062 /* Game.swift in Sources */,
			);
			runOnlyForDeploymentPostprocessing = 0;
		};
		5FFAF5C92B20D4130016F0DC /* Sources */ = {
			isa = PBXSourcesBuildPhase;
			buildActionMask = 2147483647;
			files = (
				5FFAF5D22B20D4130016F0DC /* add_oneUITests.swift in Sources */,
				5F80D93F2B28B60300206062 /* Game.swift in Sources */,
				5FFAF5D42B20D4130016F0DC /* add_oneUITestsLaunchTests.swift in Sources */,
			);
			runOnlyForDeploymentPostprocessing = 0;
		};
/* End PBXSourcesBuildPhase section */

/* Begin PBXTargetDependency section */
		5FFAF5C52B20D4130016F0DC /* PBXTargetDependency */ = {
			isa = PBXTargetDependency;
			target = 5FFAF5AC2B20D4110016F0DC /* add-one */;
			targetProxy = 5FFAF5C42B20D4130016F0DC /* PBXContainerItemProxy */;
		};
		5FFAF5CF2B20D4130016F0DC /* PBXTargetDependency */ = {
			isa = PBXTargetDependency;
			target = 5FFAF5AC2B20D4110016F0DC /* add-one */;
			targetProxy = 5FFAF5CE2B20D4130016F0DC /* PBXContainerItemProxy */;
		};
/* End PBXTargetDependency section */

/* Begin PBXVariantGroup section */
		5FFAF5B62B20D4110016F0DC /* Main.storyboard */ = {
			isa = PBXVariantGroup;
			children = (
				5FFAF5B72B20D4110016F0DC /* Base */,
			);
			name = Main.storyboard;
			sourceTree = "<group>";
		};
		5FFAF5BB2B20D4130016F0DC /* LaunchScreen.storyboard */ = {
			isa = PBXVariantGroup;
			children = (
				5FFAF5BC2B20D4130016F0DC /* Base */,
			);
			name = LaunchScreen.storyboard;
			sourceTree = "<group>";
		};
/* End PBXVariantGroup section */

/* Begin XCBuildConfiguration section */
		5FFAF5D52B20D4130016F0DC /* Debug */ = {
			isa = XCBuildConfiguration;
			buildSettings = {
				ALWAYS_SEARCH_USER_PATHS = NO;
				CLANG_ANALYZER_NONNULL = YES;
				CLANG_ANALYZER_NUMBER_OBJECT_CONVERSION = YES_AGGRESSIVE;
				CLANG_CXX_LANGUAGE_STANDARD = "gnu++20";
				CLANG_ENABLE_MODULES = YES;
				CLANG_ENABLE_OBJC_ARC = YES;
				CLANG_ENABLE_OBJC_WEAK = YES;
				CLANG_WARN_BLOCK_CAPTURE_AUTORELEASING = YES;
				CLANG_WARN_BOOL_CONVERSION = YES;
				CLANG_WARN_COMMA = YES;
				CLANG_WARN_CONSTANT_CONVERSION = YES;
				CLANG_WARN_DEPRECATED_OBJC_IMPLEMENTATIONS = YES;
				CLANG_WARN_DIRECT_OBJC_ISA_USAGE = YES_ERROR;
				CLANG_WARN_DOCUMENTATION_COMMENTS = YES;
				CLANG_WARN_EMPTY_BODY = YES;
				CLANG_WARN_ENUM_CONVERSION = YES;
				CLANG_WARN_INFINITE_RECURSION = YES;
				CLANG_WARN_INT_CONVERSION = YES;
				CLANG_WARN_NON_LITERAL_NULL_CONVERSION = YES;
				CLANG_WARN_OBJC_IMPLICIT_RETAIN_SELF = YES;
				CLANG_WARN_OBJC_LITERAL_CONVERSION = YES;
				CLANG_WARN_OBJC_ROOT_CLASS = YES_ERROR;
				CLANG_WARN_QUOTED_INCLUDE_IN_FRAMEWORK_HEADER = YES;
				CLANG_WARN_RANGE_LOOP_ANALYSIS = YES;
				CLANG_WARN_STRICT_PROTOTYPES = YES;
				CLANG_WARN_SUSPICIOUS_MOVE = YES;
				CLANG_WARN_UNGUARDED_AVAILABILITY = YES_AGGRESSIVE;
				CLANG_WARN_UNREACHABLE_CODE = YES;
				CLANG_WARN__DUPLICATE_METHOD_MATCH = YES;
				COPY_PHASE_STRIP = NO;
				DEBUG_INFORMATION_FORMAT = dwarf;
				ENABLE_STRICT_OBJC_MSGSEND = YES;
				ENABLE_TESTABILITY = YES;
				GCC_C_LANGUAGE_STANDARD = gnu11;
				GCC_DYNAMIC_NO_PIC = NO;
				GCC_NO_COMMON_BLOCKS = YES;
				GCC_OPTIMIZATION_LEVEL = 0;
				GCC_PREPROCESSOR_DEFINITIONS = (
					"DEBUG=1",
					"$(inherited)",
				);
				GCC_WARN_64_TO_32_BIT_CONVERSION = YES;
				GCC_WARN_ABOUT_RETURN_TYPE = YES_ERROR;
				GCC_WARN_UNDECLARED_SELECTOR = YES;
				GCC_WARN_UNINITIALIZED_AUTOS = YES_AGGRESSIVE;
				GCC_WARN_UNUSED_FUNCTION = YES;
				GCC_WARN_UNUSED_VARIABLE = YES;
				IPHONEOS_DEPLOYMENT_TARGET = 16.4;
				MTL_ENABLE_DEBUG_INFO = INCLUDE_SOURCE;
				MTL_FAST_MATH = YES;
				ONLY_ACTIVE_ARCH = YES;
				SDKROOT = iphoneos;
				SWIFT_ACTIVE_COMPILATION_CONDITIONS = DEBUG;
				SWIFT_OPTIMIZATION_LEVEL = "-Onone";
			};
			name = Debug;
		};
		5FFAF5D62B20D4130016F0DC /* Release */ = {
			isa = XCBuildConfiguration;
			buildSettings = {
				ALWAYS_SEARCH_USER_PATHS = NO;
				CLANG_ANALYZER_NONNULL = YES;
				CLANG_ANALYZER_NUMBER_OBJECT_CONVERSION = YES_AGGRESSIVE;
				CLANG_CXX_LANGUAGE_STANDARD = "gnu++20";
				CLANG_ENABLE_MODULES = YES;
				CLANG_ENABLE_OBJC_ARC = YES;
				CLANG_ENABLE_OBJC_WEAK = YES;
				CLANG_WARN_BLOCK_CAPTURE_AUTORELEASING = YES;
				CLANG_WARN_BOOL_CONVERSION = YES;
				CLANG_WARN_COMMA = YES;
				CLANG_WARN_CONSTANT_CONVERSION = YES;
				CLANG_WARN_DEPRECATED_OBJC_IMPLEMENTATIONS = YES;
				CLANG_WARN_DIRECT_OBJC_ISA_USAGE = YES_ERROR;
				CLANG_WARN_DOCUMENTATION_COMMENTS = YES;
				CLANG_WARN_EMPTY_BODY = YES;
				CLANG_WARN_ENUM_CONVERSION = YES;
				CLANG_WARN_INFINITE_RECURSION = YES;
				CLANG_WARN_INT_CONVERSION = YES;
				CLANG_WARN_NON_LITERAL_NULL_CONVERSION = YES;
				CLANG_WARN_OBJC_IMPLICIT_RETAIN_SELF = YES;
				CLANG_WARN_OBJC_LITERAL_CONVERSION = YES;
				CLANG_WARN_OBJC_ROOT_CLASS = YES_ERROR;
				CLANG_WARN_QUOTED_INCLUDE_IN_FRAMEWORK_HEADER = YES;
				CLANG_WARN_RANGE_LOOP_ANALYSIS = YES;
				CLANG_WARN_STRICT_PROTOTYPES = YES;
				CLANG_WARN_SUSPICIOUS_MOVE = YES;
				CLANG_WARN_UNGUARDED_AVAILABILITY = YES_AGGRESSIVE;
				CLANG_WARN_UNREACHABLE_CODE = YES;
				CLANG_WARN__DUPLICATE_METHOD_MATCH = YES;
				COPY_PHASE_STRIP = NO;
				DEBUG_INFORMATION_FORMAT = "dwarf-with-dsym";
				ENABLE_NS_ASSERTIONS = NO;
				ENABLE_STRICT_OBJC_MSGSEND = YES;
				GCC_C_LANGUAGE_STANDARD = gnu11;
				GCC_NO_COMMON_BLOCKS = YES;
				GCC_WARN_64_TO_32_BIT_CONVERSION = YES;
				GCC_WARN_ABOUT_RETURN_TYPE = YES_ERROR;
				GCC_WARN_UNDECLARED_SELECTOR = YES;
				GCC_WARN_UNINITIALIZED_AUTOS = YES_AGGRESSIVE;
				GCC_WARN_UNUSED_FUNCTION = YES;
				GCC_WARN_UNUSED_VARIABLE = YES;
				IPHONEOS_DEPLOYMENT_TARGET = 16.4;
				MTL_ENABLE_DEBUG_INFO = NO;
				MTL_FAST_MATH = YES;
				SDKROOT = iphoneos;
				SWIFT_COMPILATION_MODE = wholemodule;
				SWIFT_OPTIMIZATION_LEVEL = "-O";
				VALIDATE_PRODUCT = YES;
			};
			name = Release;
		};
		5FFAF5D82B20D4130016F0DC /* Debug */ = {
			isa = XCBuildConfiguration;
			buildSettings = {
				ASSETCATALOG_COMPILER_APPICON_NAME = AppIcon;
				ASSETCATALOG_COMPILER_GLOBAL_ACCENT_COLOR_NAME = AccentColor;
				CODE_SIGN_STYLE = Automatic;
				CURRENT_PROJECT_VERSION = 1;
				GENERATE_INFOPLIST_FILE = YES;
				INFOPLIST_FILE = "add-one/Info.plist";
				INFOPLIST_KEY_UIApplicationSupportsIndirectInputEvents = YES;
				INFOPLIST_KEY_UILaunchStoryboardName = LaunchScreen;
				INFOPLIST_KEY_UIMainStoryboardFile = Main;
				INFOPLIST_KEY_UISupportedInterfaceOrientations_iPad = "UIInterfaceOrientationPortrait UIInterfaceOrientationPortraitUpsideDown UIInterfaceOrientationLandscapeLeft UIInterfaceOrientationLandscapeRight";
				INFOPLIST_KEY_UISupportedInterfaceOrientations_iPhone = "UIInterfaceOrientationPortrait UIInterfaceOrientationLandscapeLeft UIInterfaceOrientationLandscapeRight";
				LD_RUNPATH_SEARCH_PATHS = (
					"$(inherited)",
					"@executable_path/Frameworks",
				);
				MARKETING_VERSION = 1.0;
				PRODUCT_BUNDLE_IDENTIFIER = "tadahiroueta.add-one";
				PRODUCT_NAME = "$(TARGET_NAME)";
				SWIFT_EMIT_LOC_STRINGS = YES;
				SWIFT_VERSION = 5.0;
				TARGETED_DEVICE_FAMILY = "1,2";
			};
			name = Debug;
		};
		5FFAF5D92B20D4130016F0DC /* Release */ = {
			isa = XCBuildConfiguration;
			buildSettings = {
				ASSETCATALOG_COMPILER_APPICON_NAME = AppIcon;
				ASSETCATALOG_COMPILER_GLOBAL_ACCENT_COLOR_NAME = AccentColor;
				CODE_SIGN_STYLE = Automatic;
				CURRENT_PROJECT_VERSION = 1;
				GENERATE_INFOPLIST_FILE = YES;
				INFOPLIST_FILE = "add-one/Info.plist";
				INFOPLIST_KEY_UIApplicationSupportsIndirectInputEvents = YES;
				INFOPLIST_KEY_UILaunchStoryboardName = LaunchScreen;
				INFOPLIST_KEY_UIMainStoryboardFile = Main;
				INFOPLIST_KEY_UISupportedInterfaceOrientations_iPad = "UIInterfaceOrientationPortrait UIInterfaceOrientationPortraitUpsideDown UIInterfaceOrientationLandscapeLeft UIInterfaceOrientationLandscapeRight";
				INFOPLIST_KEY_UISupportedInterfaceOrientations_iPhone = "UIInterfaceOrientationPortrait UIInterfaceOrientationLandscapeLeft UIInterfaceOrientationLandscapeRight";
				LD_RUNPATH_SEARCH_PATHS = (
					"$(inherited)",
					"@executable_path/Frameworks",
				);
				MARKETING_VERSION = 1.0;
				PRODUCT_BUNDLE_IDENTIFIER = "tadahiroueta.add-one";
				PRODUCT_NAME = "$(TARGET_NAME)";
				SWIFT_EMIT_LOC_STRINGS = YES;
				SWIFT_VERSION = 5.0;
				TARGETED_DEVICE_FAMILY = "1,2";
			};
			name = Release;
		};
		5FFAF5DB2B20D4130016F0DC /* Debug */ = {
			isa = XCBuildConfiguration;
			buildSettings = {
				ALWAYS_EMBED_SWIFT_STANDARD_LIBRARIES = YES;
				BUNDLE_LOADER = "$(TEST_HOST)";
				CODE_SIGN_STYLE = Automatic;
				CURRENT_PROJECT_VERSION = 1;
				GENERATE_INFOPLIST_FILE = YES;
				IPHONEOS_DEPLOYMENT_TARGET = 16.4;
				MARKETING_VERSION = 1.0;
				PRODUCT_BUNDLE_IDENTIFIER = "tadahiroueta.add-oneTests";
				PRODUCT_NAME = "$(TARGET_NAME)";
				SWIFT_EMIT_LOC_STRINGS = NO;
				SWIFT_VERSION = 5.0;
				TARGETED_DEVICE_FAMILY = "1,2";
				TEST_HOST = "$(BUILT_PRODUCTS_DIR)/add-one.app/$(BUNDLE_EXECUTABLE_FOLDER_PATH)/add-one";
			};
			name = Debug;
		};
		5FFAF5DC2B20D4130016F0DC /* Release */ = {
			isa = XCBuildConfiguration;
			buildSettings = {
				ALWAYS_EMBED_SWIFT_STANDARD_LIBRARIES = YES;
				BUNDLE_LOADER = "$(TEST_HOST)";
				CODE_SIGN_STYLE = Automatic;
				CURRENT_PROJECT_VERSION = 1;
				GENERATE_INFOPLIST_FILE = YES;
				IPHONEOS_DEPLOYMENT_TARGET = 16.4;
				MARKETING_VERSION = 1.0;
				PRODUCT_BUNDLE_IDENTIFIER = "tadahiroueta.add-oneTests";
				PRODUCT_NAME = "$(TARGET_NAME)";
				SWIFT_EMIT_LOC_STRINGS = NO;
				SWIFT_VERSION = 5.0;
				TARGETED_DEVICE_FAMILY = "1,2";
				TEST_HOST = "$(BUILT_PRODUCTS_DIR)/add-one.app/$(BUNDLE_EXECUTABLE_FOLDER_PATH)/add-one";
			};
			name = Release;
		};
		5FFAF5DE2B20D4130016F0DC /* Debug */ = {
			isa = XCBuildConfiguration;
			buildSettings = {
				ALWAYS_EMBED_SWIFT_STANDARD_LIBRARIES = YES;
				CODE_SIGN_STYLE = Automatic;
				CURRENT_PROJECT_VERSION = 1;
				GENERATE_INFOPLIST_FILE = YES;
				MARKETING_VERSION = 1.0;
				PRODUCT_BUNDLE_IDENTIFIER = "tadahiroueta.add-oneUITests";
				PRODUCT_NAME = "$(TARGET_NAME)";
				SWIFT_EMIT_LOC_STRINGS = NO;
				SWIFT_VERSION = 5.0;
				TARGETED_DEVICE_FAMILY = "1,2";
				TEST_TARGET_NAME = "add-one";
			};
			name = Debug;
		};
		5FFAF5DF2B20D4130016F0DC /* Release */ = {
			isa = XCBuildConfiguration;
			buildSettings = {
				ALWAYS_EMBED_SWIFT_STANDARD_LIBRARIES = YES;
				CODE_SIGN_STYLE = Automatic;
				CURRENT_PROJECT_VERSION = 1;
				GENERATE_INFOPLIST_FILE = YES;
				MARKETING_VERSION = 1.0;
				PRODUCT_BUNDLE_IDENTIFIER = "tadahiroueta.add-oneUITests";
				PRODUCT_NAME = "$(TARGET_NAME)";
				SWIFT_EMIT_LOC_STRINGS = NO;
				SWIFT_VERSION = 5.0;
				TARGETED_DEVICE_FAMILY = "1,2";
				TEST_TARGET_NAME = "add-one";
			};
			name = Release;
		};
/* End XCBuildConfiguration section */

/* Begin XCConfigurationList section */
		5FFAF5A82B20D4110016F0DC /* Build configuration list for PBXProject "add-one" */ = {
			isa = XCConfigurationList;
			buildConfigurations = (
				5FFAF5D52B20D4130016F0DC /* Debug */,
				5FFAF5D62B20D4130016F0DC /* Release */,
			);
			defaultConfigurationIsVisible = 0;
			defaultConfigurationName = Release;
		};
		5FFAF5D72B20D4130016F0DC /* Build configuration list for PBXNativeTarget "add-one" */ = {
			isa = XCConfigurationList;
			buildConfigurations = (
				5FFAF5D82B20D4130016F0DC /* Debug */,
				5FFAF5D92B20D4130016F0DC /* Release */,
			);
			defaultConfigurationIsVisible = 0;
			defaultConfigurationName = Release;
		};
		5FFAF5DA2B20D4130016F0DC /* Build configuration list for PBXNativeTarget "add-oneTests" */ = {
			isa = XCConfigurationList;
			buildConfigurations = (
				5FFAF5DB2B20D4130016F0DC /* Debug */,
				5FFAF5DC2B20D4130016F0DC /* Release */,
			);
			defaultConfigurationIsVisible = 0;
			defaultConfigurationName = Release;
		};
		5FFAF5DD2B20D4130016F0DC /* Build configuration list for PBXNativeTarget "add-oneUITests" */ = {
			isa = XCConfigurationList;
			buildConfigurations = (
				5FFAF5DE2B20D4130016F0DC /* Debug */,
				5FFAF5DF2B20D4130016F0DC /* Release */,
			);
			defaultConfigurationIsVisible = 0;
			defaultConfigurationName = Release;
		};
/* End XCConfigurationList section */
	};
	rootObject = 5FFAF5A52B20D4110016F0DC /* Project object */;
}
